
Microsoft Visual Studio Solution File, Format Version 12.00
# Visual Studio Version 16
VisualStudioVersion = 16.0.29215.179
MinimumVisualStudioVersion = 10.0.40219.1
Project("{9A19103F-16F7-4668-BE54-9A1E7A4F7556}") = "Strasz", "Strasz\Strasz.csproj", "{226B44D6-FBD4-4229-A7E0-7A11D9512A69}"
EndProject
Project("{FAE04EC0-301F-11D3-BF4B-00C04F79EFBC}") = "StraszTest", "StraszTest\StraszTest.csproj", "{6A787A42-82E3-4960-AF32-E43E7FAB4853}"
EndProject
Global
	GlobalSection(SolutionConfigurationPlatforms) = preSolution
		Debug|Any CPU = Debug|Any CPU
		Release|Any CPU = Release|Any CPU
	EndGlobalSection
	GlobalSection(ProjectConfigurationPlatforms) = postSolution
		{226B44D6-FBD4-4229-A7E0-7A11D9512A69}.Debug|Any CPU.ActiveCfg = Debug|Any CPU
		{226B44D6-FBD4-4229-A7E0-7A11D9512A69}.Debug|Any CPU.Build.0 = Debug|Any CPU
		{226B44D6-FBD4-4229-A7E0-7A11D9512A69}.Release|Any CPU.ActiveCfg = Release|Any CPU
		{226B44D6-FBD4-4229-A7E0-7A11D9512A69}.Release|Any CPU.Build.0 = Release|Any CPU
		{6A787A42-82E3-4960-AF32-E43E7FAB4853}.Debug|Any CPU.ActiveCfg = Debug|Any CPU
		{6A787A42-82E3-4960-AF32-E43E7FAB4853}.Debug|Any CPU.Build.0 = Debug|Any CPU
		{6A787A42-82E3-4960-AF32-E43E7FAB4853}.Release|Any CPU.ActiveCfg = Release|Any CPU
		{6A787A42-82E3-4960-AF32-E43E7FAB4853}.Release|Any CPU.Build.0 = Release|Any CPU
	EndGlobalSection
	GlobalSection(SolutionProperties) = preSolution
		HideSolutionNode = FALSE
	EndGlobalSection
	GlobalSection(ExtensibilityGlobals) = postSolution
		SolutionGuid = {484E2B03-CE03-42D7-9C4C-7581A823A004}
	EndGlobalSection
EndGlobal
